
Microsoft Visual Studio Solution File, Format Version 12.00
# Visual Studio Version 17
VisualStudioVersion = 17.0.31903.59
MinimumVisualStudioVersion = 10.0.40219.1
Project("{2150E333-8FDC-42A3-9474-1A3956D46DE8}") = "src", "src", "{F91162C4-CBE6-4C90-A5DB-9C11315A648C}"
EndProject
Project("{FAE04EC0-301F-11D3-BF4B-00C04F79EFBC}") = "CardsPaperScissors", "src\CardsPaperScissors.Game\CardsPaperScissors.csproj", "{22E3180E-C607-469B-9518-E8E138792F1D}"
EndProject
Global
	GlobalSection(SolutionConfigurationPlatforms) = preSolution
		Debug|Any CPU = Debug|Any CPU
		Release|Any CPU = Release|Any CPU
	EndGlobalSection
	GlobalSection(SolutionProperties) = preSolution
		HideSolutionNode = FALSE
	EndGlobalSection
	GlobalSection(ProjectConfigurationPlatforms) = postSolution
		{22E3180E-C607-469B-9518-E8E138792F1D}.Debug|Any CPU.ActiveCfg = Debug|Any CPU
		{22E3180E-C607-469B-9518-E8E138792F1D}.Debug|Any CPU.Build.0 = Debug|Any CPU
		{22E3180E-C607-469B-9518-E8E138792F1D}.Release|Any CPU.ActiveCfg = Debug|Any CPU
		{22E3180E-C607-469B-9518-E8E138792F1D}.Release|Any CPU.Build.0 = Debug|Any CPU
	EndGlobalSection
	GlobalSection(NestedProjects) = preSolution
		{22E3180E-C607-469B-9518-E8E138792F1D} = {F91162C4-CBE6-4C90-A5DB-9C11315A648C}
	EndGlobalSection
EndGlobal
